
Microsoft Visual Studio Solution File, Format Version 12.00
# Visual Studio 15
VisualStudioVersion = 15.0.27004.2006
MinimumVisualStudioVersion = 10.0.40219.1
Project("{E24C65DC-7377-472B-9ABA-BC803B73C61A}") = "WebSite9", "..\..\..\documents\visual studio 2017\WebSites\WebSite9\", "{0601A513-BB1C-4811-8F36-94A4ADD08706}"
	ProjectSection(WebsiteProperties) = preProject
		TargetFrameworkMoniker = ".NETFramework,Version%3Dv4.6"
		Debug.AspNetCompiler.VirtualPath = "/localhost_59175"
		Debug.AspNetCompiler.PhysicalPath = "..\..\..\documents\visual studio 2017\WebSites\WebSite9\"
		Debug.AspNetCompiler.TargetPath = "PrecompiledWeb\localhost_59175\"
		Debug.AspNetCompiler.Updateable = "true"
		Debug.AspNetCompiler.ForceOverwrite = "true"
		Debug.AspNetCompiler.FixedNames = "false"
		Debug.AspNetCompiler.Debug = "True"
		Release.AspNetCompiler.VirtualPath = "/localhost_59175"
		Release.AspNetCompiler.PhysicalPath = "..\..\..\documents\visual studio 2017\WebSites\WebSite9\"
		Release.AspNetCompiler.TargetPath = "PrecompiledWeb\localhost_59175\"
		Release.AspNetCompiler.Updateable = "true"
		Release.AspNetCompiler.ForceOverwrite = "true"
		Release.AspNetCompiler.FixedNames = "false"
		Release.AspNetCompiler.Debug = "False"
		VWDPort = "59175"
		SlnRelativePath = "..\..\..\documents\visual studio 2017\WebSites\WebSite9\"
		DefaultWebSiteLanguage = "Visual C#"
	EndProjectSection
EndProject
Global
	GlobalSection(SolutionConfigurationPlatforms) = preSolution
		Debug|Any CPU = Debug|Any CPU
	EndGlobalSection
	GlobalSection(ProjectConfigurationPlatforms) = postSolution
		{0601A513-BB1C-4811-8F36-94A4ADD08706}.Debug|Any CPU.ActiveCfg = Debug|Any CPU
		{0601A513-BB1C-4811-8F36-94A4ADD08706}.Debug|Any CPU.Build.0 = Debug|Any CPU
	EndGlobalSection
	GlobalSection(SolutionProperties) = preSolution
		HideSolutionNode = FALSE
	EndGlobalSection
	GlobalSection(ExtensibilityGlobals) = postSolution
		SolutionGuid = {0FA06AAA-143F-4981-9045-D8A41795A45E}
	EndGlobalSection
EndGlobal
